{
    "_meta": {
        "hash": {
            "sha256": "c7a13b68d5608dd07f16004d9d044d337489377eff023034ee10683ce0021d8f"
        },
        "host-environment-markers": {
            "implementation_name": "cpython",
            "implementation_version": "3.6.3",
            "os_name": "posix",
            "platform_machine": "x86_64",
            "platform_python_implementation": "CPython",
            "platform_release": "4.4.0-87-generic",
            "platform_system": "Linux",
            "platform_version": "#110-Ubuntu SMP Tue Jul 18 12:55:35 UTC 2017",
            "python_full_version": "3.6.3",
            "python_version": "3.6",
            "sys_platform": "linux"
        },
        "pipfile-spec": 6,
        "requires": {
            "python_version": "3.6"
        },
        "sources": [
            {
                "name": "pypi",
                "url": "https://pypi.python.org/simple",
                "verify_ssl": true
            }
        ]
    },
    "default": {
        "pymysql": {
            "hashes": [
                "sha256:04fa19fad017fdb21394fad2878c1d6bd346959d4fbfd1b66050a09fc636a321",
                "sha256:32da4a66397077d42908e449688f2ec71c2b18892a6cd04f03ab2aa828a70f40"
            ],
            "version": "==0.8.0"
        },
        "sqlalchemy": {
            "hashes": [
                "sha256:9e9ec143e2e246f385cfb2de8daa89d2fa466279addcb7be9e102988fdf33d24"
            ],
            "version": "==1.2.3"
        }
    },
    "develop": {}
}
